// !$*UTF8*$!
{
	archiveVersion = 1;
	classes = {
	};
	objectVersion = 46;
	objects = {

/* Begin PBXBuildFile section */
		56FAB8E02F294CD5B4B756D8 /* libPods.a in Frameworks */ = {isa = PBXBuildFile; fileRef = 57E10E887FAB429BA7FD4567 /* libPods.a */; };
		FF2454FE189EBD0400690DC1 /* EditAreaView.xib in Resources */ = {isa = PBXBuildFile; fileRef = FF2454FD189EBD0400690DC1 /* EditAreaView.xib */; };
		FF245509189EEB9900690DC1 /* DBAreaTableViewCell.m in Sources */ = {isa = PBXBuildFile; fileRef = FF245508189EEB9900690DC1 /* DBAreaTableViewCell.m */; };
		FF24550D189EF3B800690DC1 /* DBAreaService.m in Sources */ = {isa = PBXBuildFile; fileRef = FF24550C189EF3B800690DC1 /* DBAreaService.m */; };
		FF245511189EF43500690DC1 /* DBAreaCoreDataRepository.m in Sources */ = {isa = PBXBuildFile; fileRef = FF245510189EF43500690DC1 /* DBAreaCoreDataRepository.m */; };
		FF245514189F01A300690DC1 /* NSString+Extensions.m in Sources */ = {isa = PBXBuildFile; fileRef = FF245513189F01A300690DC1 /* NSString+Extensions.m */; };
		FF3D7435189C40E800294D6F /* UIView+Animations.m in Sources */ = {isa = PBXBuildFile; fileRef = FF3D7434189C40E800294D6F /* UIView+Animations.m */; };
		FF3D743C189C55BA00294D6F /* DBCoreDataManager.m in Sources */ = {isa = PBXBuildFile; fileRef = FF3D743B189C55BA00294D6F /* DBCoreDataManager.m */; };
		FF3DC114189D1685001974E0 /* DBEditGroupViewController.m in Sources */ = {isa = PBXBuildFile; fileRef = FF3DC113189D1685001974E0 /* DBEditGroupViewController.m */; };
		FF3DC11D189D2B9A001974E0 /* DBBaseViewModel.m in Sources */ = {isa = PBXBuildFile; fileRef = FF3DC118189D2B9A001974E0 /* DBBaseViewModel.m */; };
		FF3DC11E189D2B9A001974E0 /* DBHomeViewModel.m in Sources */ = {isa = PBXBuildFile; fileRef = FF3DC11C189D2B9A001974E0 /* DBHomeViewModel.m */; };
		FF3DC125189D2ED6001974E0 /* DBGroupViewModel.m in Sources */ = {isa = PBXBuildFile; fileRef = FF3DC124189D2ED6001974E0 /* DBGroupViewModel.m */; };
		FF3DC129189D31CD001974E0 /* DBAreaViewModel.m in Sources */ = {isa = PBXBuildFile; fileRef = FF3DC128189D31CD001974E0 /* DBAreaViewModel.m */; };
		FF3DC131189D4B2A001974E0 /* DBItemViewModel.m in Sources */ = {isa = PBXBuildFile; fileRef = FF3DC130189D4B2A001974E0 /* DBItemViewModel.m */; };
		FF3DC135189D9195001974E0 /* DBImagePickerViewController.m in Sources */ = {isa = PBXBuildFile; fileRef = FF3DC134189D9195001974E0 /* DBImagePickerViewController.m */; };
		FF3DC138189DA310001974E0 /* UIImage+Effects.m in Sources */ = {isa = PBXBuildFile; fileRef = FF3DC137189DA310001974E0 /* UIImage+Effects.m */; };
		FF429B431859118B00048B17 /* Auditr.xcdatamodeld in Sources */ = {isa = PBXBuildFile; fileRef = FF429B411859118B00048B17 /* Auditr.xcdatamodeld */; };
		FF43770D189C886600A019E3 /* _Profile.m in Sources */ = {isa = PBXBuildFile; fileRef = FF43770A189C886600A019E3 /* _Profile.m */; };
		FF43770E189C886600A019E3 /* _Rating.m in Sources */ = {isa = PBXBuildFile; fileRef = FF43770C189C886600A019E3 /* _Rating.m */; };
		FF437713189C887000A019E3 /* Profile.m in Sources */ = {isa = PBXBuildFile; fileRef = FF437710189C887000A019E3 /* Profile.m */; };
		FF437714189C887000A019E3 /* Rating.m in Sources */ = {isa = PBXBuildFile; fileRef = FF437712189C887000A019E3 /* Rating.m */; };
		FF8EE87818567A320036BE27 /* Foundation.framework in Frameworks */ = {isa = PBXBuildFile; fileRef = FF8EE87718567A320036BE27 /* Foundation.framework */; };
		FF8EE87A18567A320036BE27 /* CoreGraphics.framework in Frameworks */ = {isa = PBXBuildFile; fileRef = FF8EE87918567A320036BE27 /* CoreGraphics.framework */; };
		FF8EE87C18567A320036BE27 /* UIKit.framework in Frameworks */ = {isa = PBXBuildFile; fileRef = FF8EE87B18567A320036BE27 /* UIKit.framework */; };
		FF8EE87E18567A320036BE27 /* CoreData.framework in Frameworks */ = {isa = PBXBuildFile; fileRef = FF8EE87D18567A320036BE27 /* CoreData.framework */; };
		FF8EE88418567A320036BE27 /* InfoPlist.strings in Resources */ = {isa = PBXBuildFile; fileRef = FF8EE88218567A320036BE27 /* InfoPlist.strings */; };
		FF8EE88618567A320036BE27 /* main.m in Sources */ = {isa = PBXBuildFile; fileRef = FF8EE88518567A320036BE27 /* main.m */; };
		FF8EE88F18567A320036BE27 /* Images.xcassets in Resources */ = {isa = PBXBuildFile; fileRef = FF8EE88E18567A320036BE27 /* Images.xcassets */; };
		FF8EE89618567A320036BE27 /* XCTest.framework in Frameworks */ = {isa = PBXBuildFile; fileRef = FF8EE89518567A320036BE27 /* XCTest.framework */; };
		FF8EE89718567A320036BE27 /* Foundation.framework in Frameworks */ = {isa = PBXBuildFile; fileRef = FF8EE87718567A320036BE27 /* Foundation.framework */; };
		FF8EE89818567A320036BE27 /* UIKit.framework in Frameworks */ = {isa = PBXBuildFile; fileRef = FF8EE87B18567A320036BE27 /* UIKit.framework */; };
		FF8EE89918567A320036BE27 /* CoreData.framework in Frameworks */ = {isa = PBXBuildFile; fileRef = FF8EE87D18567A320036BE27 /* CoreData.framework */; };
		FF8EE8A118567A320036BE27 /* InfoPlist.strings in Resources */ = {isa = PBXBuildFile; fileRef = FF8EE89F18567A320036BE27 /* InfoPlist.strings */; };
		FF8EE8A318567A320036BE27 /* AuditrTests.m in Sources */ = {isa = PBXBuildFile; fileRef = FF8EE8A218567A320036BE27 /* AuditrTests.m */; };
		FF8EE8B018567AF70036BE27 /* auditr.storyboard in Resources */ = {isa = PBXBuildFile; fileRef = FF8EE8AF18567AF70036BE27 /* auditr.storyboard */; };
		FF8EE8B8185687AB0036BE27 /* DBHomeViewController.m in Sources */ = {isa = PBXBuildFile; fileRef = FF8EE8B7185687AB0036BE27 /* DBHomeViewController.m */; };
		FFBBA8AA185694B200C8BCBE /* DBAppDelegate.m in Sources */ = {isa = PBXBuildFile; fileRef = FFBBA8A9185694B200C8BCBE /* DBAppDelegate.m */; };
		FFBBA8B41856960100C8BCBE /* DBCoreDataBaseRepository.m in Sources */ = {isa = PBXBuildFile; fileRef = FFBBA8B31856960100C8BCBE /* DBCoreDataBaseRepository.m */; };
		FFBBA8B81856996F00C8BCBE /* DBAssembly.m in Sources */ = {isa = PBXBuildFile; fileRef = FFBBA8B71856996F00C8BCBE /* DBAssembly.m */; };
		FFC387521859184400A09D01 /* Area.m in Sources */ = {isa = PBXBuildFile; fileRef = FFC3874D1859184400A09D01 /* Area.m */; };
		FFC387531859184400A09D01 /* Group.m in Sources */ = {isa = PBXBuildFile; fileRef = FFC3874F1859184400A09D01 /* Group.m */; };
		FFC387541859184400A09D01 /* Item.m in Sources */ = {isa = PBXBuildFile; fileRef = FFC387511859184400A09D01 /* Item.m */; };
		FFC3875C1859188100A09D01 /* _Area.m in Sources */ = {isa = PBXBuildFile; fileRef = FFC387571859188100A09D01 /* _Area.m */; };
		FFC3875D1859188100A09D01 /* _Group.m in Sources */ = {isa = PBXBuildFile; fileRef = FFC387591859188100A09D01 /* _Group.m */; };
		FFC3875E1859188100A09D01 /* _Item.m in Sources */ = {isa = PBXBuildFile; fileRef = FFC3875B1859188100A09D01 /* _Item.m */; };
		FFC3876218591A7E00A09D01 /* DBBaseViewController.m in Sources */ = {isa = PBXBuildFile; fileRef = FFC3876118591A7E00A09D01 /* DBBaseViewController.m */; };
		FFC3876918591D0400A09D01 /* DBGroupService.m in Sources */ = {isa = PBXBuildFile; fileRef = FFC3876818591D0400A09D01 /* DBGroupService.m */; };
		FFC3876C18591D2800A09D01 /* DBGroupCoreDataRepository.m in Sources */ = {isa = PBXBuildFile; fileRef = FFC3876B18591D2800A09D01 /* DBGroupCoreDataRepository.m */; };
/* End PBXBuildFile section */

/* Begin PBXContainerItemProxy section */
		FF8EE89A18567A320036BE27 /* PBXContainerItemProxy */ = {
			isa = PBXContainerItemProxy;
			containerPortal = FF8EE86C18567A320036BE27 /* Project object */;
			proxyType = 1;
			remoteGlobalIDString = FF8EE87318567A320036BE27;
			remoteInfo = Auditr;
		};
/* End PBXContainerItemProxy section */

/* Begin PBXFileReference section */
		57E10E887FAB429BA7FD4567 /* libPods.a */ = {isa = PBXFileReference; explicitFileType = archive.ar; includeInIndex = 0; path = libPods.a; sourceTree = BUILT_PRODUCTS_DIR; };
		EFD209048DBD47D98CAFD2F1 /* Pods.xcconfig */ = {isa = PBXFileReference; includeInIndex = 1; lastKnownFileType = text.xcconfig; name = Pods.xcconfig; path = Pods/Pods.xcconfig; sourceTree = "<group>"; };
		FF2454FD189EBD0400690DC1 /* EditAreaView.xib */ = {isa = PBXFileReference; fileEncoding = 4; lastKnownFileType = file.xib; path = EditAreaView.xib; sourceTree = "<group>"; };
		FF245507189EEB9900690DC1 /* DBAreaTableViewCell.h */ = {isa = PBXFileReference; fileEncoding = 4; lastKnownFileType = sourcecode.c.h; path = DBAreaTableViewCell.h; sourceTree = "<group>"; };
		FF245508189EEB9900690DC1 /* DBAreaTableViewCell.m */ = {isa = PBXFileReference; fileEncoding = 4; lastKnownFileType = sourcecode.c.objc; path = DBAreaTableViewCell.m; sourceTree = "<group>"; };
		FF24550B189EF3B800690DC1 /* DBAreaService.h */ = {isa = PBXFileReference; fileEncoding = 4; lastKnownFileType = sourcecode.c.h; path = DBAreaService.h; sourceTree = "<group>"; };
		FF24550C189EF3B800690DC1 /* DBAreaService.m */ = {isa = PBXFileReference; fileEncoding = 4; lastKnownFileType = sourcecode.c.objc; path = DBAreaService.m; sourceTree = "<group>"; };
		FF24550E189EF3FD00690DC1 /* DBAreaRepository.h */ = {isa = PBXFileReference; lastKnownFileType = sourcecode.c.h; path = DBAreaRepository.h; sourceTree = "<group>"; };
		FF24550F189EF43500690DC1 /* DBAreaCoreDataRepository.h */ = {isa = PBXFileReference; fileEncoding = 4; lastKnownFileType = sourcecode.c.h; path = DBAreaCoreDataRepository.h; sourceTree = "<group>"; };
		FF245510189EF43500690DC1 /* DBAreaCoreDataRepository.m */ = {isa = PBXFileReference; fileEncoding = 4; lastKnownFileType = sourcecode.c.objc; path = DBAreaCoreDataRepository.m; sourceTree = "<group>"; };
		FF245512189F01A300690DC1 /* NSString+Extensions.h */ = {isa = PBXFileReference; fileEncoding = 4; lastKnownFileType = sourcecode.c.h; path = "NSString+Extensions.h"; sourceTree = "<group>"; };
		FF245513189F01A300690DC1 /* NSString+Extensions.m */ = {isa = PBXFileReference; fileEncoding = 4; lastKnownFileType = sourcecode.c.objc; path = "NSString+Extensions.m"; sourceTree = "<group>"; };
		FF3D7433189C40E800294D6F /* UIView+Animations.h */ = {isa = PBXFileReference; fileEncoding = 4; lastKnownFileType = sourcecode.c.h; path = "UIView+Animations.h"; sourceTree = "<group>"; };
		FF3D7434189C40E800294D6F /* UIView+Animations.m */ = {isa = PBXFileReference; fileEncoding = 4; lastKnownFileType = sourcecode.c.objc; path = "UIView+Animations.m"; sourceTree = "<group>"; };
		FF3D743A189C55BA00294D6F /* DBCoreDataManager.h */ = {isa = PBXFileReference; fileEncoding = 4; lastKnownFileType = sourcecode.c.h; path = DBCoreDataManager.h; sourceTree = "<group>"; };
		FF3D743B189C55BA00294D6F /* DBCoreDataManager.m */ = {isa = PBXFileReference; fileEncoding = 4; lastKnownFileType = sourcecode.c.objc; path = DBCoreDataManager.m; sourceTree = "<group>"; };
		FF3DC112189D1685001974E0 /* DBEditGroupViewController.h */ = {isa = PBXFileReference; fileEncoding = 4; lastKnownFileType = sourcecode.c.h; path = DBEditGroupViewController.h; sourceTree = "<group>"; };
		FF3DC113189D1685001974E0 /* DBEditGroupViewController.m */ = {isa = PBXFileReference; fileEncoding = 4; lastKnownFileType = sourcecode.c.objc; path = DBEditGroupViewController.m; sourceTree = "<group>"; };
		FF3DC117189D2B9A001974E0 /* DBBaseViewModel.h */ = {isa = PBXFileReference; fileEncoding = 4; lastKnownFileType = sourcecode.c.h; path = DBBaseViewModel.h; sourceTree = "<group>"; };
		FF3DC118189D2B9A001974E0 /* DBBaseViewModel.m */ = {isa = PBXFileReference; fileEncoding = 4; lastKnownFileType = sourcecode.c.objc; path = DBBaseViewModel.m; sourceTree = "<group>"; };
		FF3DC11B189D2B9A001974E0 /* DBHomeViewModel.h */ = {isa = PBXFileReference; fileEncoding = 4; lastKnownFileType = sourcecode.c.h; path = DBHomeViewModel.h; sourceTree = "<group>"; };
		FF3DC11C189D2B9A001974E0 /* DBHomeViewModel.m */ = {isa = PBXFileReference; fileEncoding = 4; lastKnownFileType = sourcecode.c.objc; path = DBHomeViewModel.m; sourceTree = "<group>"; };
		FF3DC123189D2ED6001974E0 /* DBGroupViewModel.h */ = {isa = PBXFileReference; fileEncoding = 4; lastKnownFileType = sourcecode.c.h; path = DBGroupViewModel.h; sourceTree = "<group>"; };
		FF3DC124189D2ED6001974E0 /* DBGroupViewModel.m */ = {isa = PBXFileReference; fileEncoding = 4; lastKnownFileType = sourcecode.c.objc; path = DBGroupViewModel.m; sourceTree = "<group>"; };
		FF3DC127189D31CD001974E0 /* DBAreaViewModel.h */ = {isa = PBXFileReference; fileEncoding = 4; lastKnownFileType = sourcecode.c.h; path = DBAreaViewModel.h; sourceTree = "<group>"; };
		FF3DC128189D31CD001974E0 /* DBAreaViewModel.m */ = {isa = PBXFileReference; fileEncoding = 4; lastKnownFileType = sourcecode.c.objc; path = DBAreaViewModel.m; sourceTree = "<group>"; };
		FF3DC12F189D4B2A001974E0 /* DBItemViewModel.h */ = {isa = PBXFileReference; fileEncoding = 4; lastKnownFileType = sourcecode.c.h; path = DBItemViewModel.h; sourceTree = "<group>"; };
		FF3DC130189D4B2A001974E0 /* DBItemViewModel.m */ = {isa = PBXFileReference; fileEncoding = 4; lastKnownFileType = sourcecode.c.objc; path = DBItemViewModel.m; sourceTree = "<group>"; };
		FF3DC133189D9195001974E0 /* DBImagePickerViewController.h */ = {isa = PBXFileReference; fileEncoding = 4; lastKnownFileType = sourcecode.c.h; path = DBImagePickerViewController.h; sourceTree = "<group>"; };
		FF3DC134189D9195001974E0 /* DBImagePickerViewController.m */ = {isa = PBXFileReference; fileEncoding = 4; lastKnownFileType = sourcecode.c.objc; path = DBImagePickerViewController.m; sourceTree = "<group>"; };
		FF3DC136189DA310001974E0 /* UIImage+Effects.h */ = {isa = PBXFileReference; fileEncoding = 4; lastKnownFileType = sourcecode.c.h; path = "UIImage+Effects.h"; sourceTree = "<group>"; };
		FF3DC137189DA310001974E0 /* UIImage+Effects.m */ = {isa = PBXFileReference; fileEncoding = 4; lastKnownFileType = sourcecode.c.objc; path = "UIImage+Effects.m"; sourceTree = "<group>"; };
		FF429B421859118B00048B17 /* Auditr.xcdatamodel */ = {isa = PBXFileReference; lastKnownFileType = wrapper.xcdatamodel; path = Auditr.xcdatamodel; sourceTree = "<group>"; };
		FF437709189C886600A019E3 /* _Profile.h */ = {isa = PBXFileReference; fileEncoding = 4; lastKnownFileType = sourcecode.c.h; path = _Profile.h; sourceTree = "<group>"; };
		FF43770A189C886600A019E3 /* _Profile.m */ = {isa = PBXFileReference; fileEncoding = 4; lastKnownFileType = sourcecode.c.objc; path = _Profile.m; sourceTree = "<group>"; };
		FF43770B189C886600A019E3 /* _Rating.h */ = {isa = PBXFileReference; fileEncoding = 4; lastKnownFileType = sourcecode.c.h; path = _Rating.h; sourceTree = "<group>"; };
		FF43770C189C886600A019E3 /* _Rating.m */ = {isa = PBXFileReference; fileEncoding = 4; lastKnownFileType = sourcecode.c.objc; path = _Rating.m; sourceTree = "<group>"; };
		FF43770F189C887000A019E3 /* Profile.h */ = {isa = PBXFileReference; fileEncoding = 4; lastKnownFileType = sourcecode.c.h; path = Profile.h; sourceTree = "<group>"; };
		FF437710189C887000A019E3 /* Profile.m */ = {isa = PBXFileReference; fileEncoding = 4; lastKnownFileType = sourcecode.c.objc; path = Profile.m; sourceTree = "<group>"; };
		FF437711189C887000A019E3 /* Rating.h */ = {isa = PBXFileReference; fileEncoding = 4; lastKnownFileType = sourcecode.c.h; path = Rating.h; sourceTree = "<group>"; };
		FF437712189C887000A019E3 /* Rating.m */ = {isa = PBXFileReference; fileEncoding = 4; lastKnownFileType = sourcecode.c.objc; path = Rating.m; sourceTree = "<group>"; };
		FF8EE87418567A320036BE27 /* Auditr.app */ = {isa = PBXFileReference; explicitFileType = wrapper.application; includeInIndex = 0; path = Auditr.app; sourceTree = BUILT_PRODUCTS_DIR; };
		FF8EE87718567A320036BE27 /* Foundation.framework */ = {isa = PBXFileReference; lastKnownFileType = wrapper.framework; name = Foundation.framework; path = System/Library/Frameworks/Foundation.framework; sourceTree = SDKROOT; };
		FF8EE87918567A320036BE27 /* CoreGraphics.framework */ = {isa = PBXFileReference; lastKnownFileType = wrapper.framework; name = CoreGraphics.framework; path = System/Library/Frameworks/CoreGraphics.framework; sourceTree = SDKROOT; };
		FF8EE87B18567A320036BE27 /* UIKit.framework */ = {isa = PBXFileReference; lastKnownFileType = wrapper.framework; name = UIKit.framework; path = System/Library/Frameworks/UIKit.framework; sourceTree = SDKROOT; };
		FF8EE87D18567A320036BE27 /* CoreData.framework */ = {isa = PBXFileReference; lastKnownFileType = wrapper.framework; name = CoreData.framework; path = System/Library/Frameworks/CoreData.framework; sourceTree = SDKROOT; };
		FF8EE88118567A320036BE27 /* Auditr-Info.plist */ = {isa = PBXFileReference; lastKnownFileType = text.plist.xml; path = "Auditr-Info.plist"; sourceTree = "<group>"; };
		FF8EE88318567A320036BE27 /* en */ = {isa = PBXFileReference; lastKnownFileType = text.plist.strings; name = en; path = en.lproj/InfoPlist.strings; sourceTree = "<group>"; };
		FF8EE88518567A320036BE27 /* main.m */ = {isa = PBXFileReference; lastKnownFileType = sourcecode.c.objc; path = main.m; sourceTree = "<group>"; };
		FF8EE88718567A320036BE27 /* Auditr-Prefix.pch */ = {isa = PBXFileReference; lastKnownFileType = sourcecode.c.h; path = "Auditr-Prefix.pch"; sourceTree = "<group>"; };
		FF8EE88E18567A320036BE27 /* Images.xcassets */ = {isa = PBXFileReference; lastKnownFileType = folder.assetcatalog; path = Images.xcassets; sourceTree = "<group>"; };
		FF8EE89418567A320036BE27 /* AuditrTests.xctest */ = {isa = PBXFileReference; explicitFileType = wrapper.cfbundle; includeInIndex = 0; path = AuditrTests.xctest; sourceTree = BUILT_PRODUCTS_DIR; };
		FF8EE89518567A320036BE27 /* XCTest.framework */ = {isa = PBXFileReference; lastKnownFileType = wrapper.framework; name = XCTest.framework; path = Library/Frameworks/XCTest.framework; sourceTree = DEVELOPER_DIR; };
		FF8EE89E18567A320036BE27 /* AuditrTests-Info.plist */ = {isa = PBXFileReference; lastKnownFileType = text.plist.xml; path = "AuditrTests-Info.plist"; sourceTree = "<group>"; };
		FF8EE8A018567A320036BE27 /* en */ = {isa = PBXFileReference; lastKnownFileType = text.plist.strings; name = en; path = en.lproj/InfoPlist.strings; sourceTree = "<group>"; };
		FF8EE8A218567A320036BE27 /* AuditrTests.m */ = {isa = PBXFileReference; lastKnownFileType = sourcecode.c.objc; path = AuditrTests.m; sourceTree = "<group>"; };
		FF8EE8AF18567AF70036BE27 /* auditr.storyboard */ = {isa = PBXFileReference; fileEncoding = 4; lastKnownFileType = file.storyboard; path = auditr.storyboard; sourceTree = "<group>"; };
		FF8EE8B6185687AB0036BE27 /* DBHomeViewController.h */ = {isa = PBXFileReference; fileEncoding = 4; lastKnownFileType = sourcecode.c.h; path = DBHomeViewController.h; sourceTree = "<group>"; };
		FF8EE8B7185687AB0036BE27 /* DBHomeViewController.m */ = {isa = PBXFileReference; fileEncoding = 4; lastKnownFileType = sourcecode.c.objc; path = DBHomeViewController.m; sourceTree = "<group>"; };
		FFBBA8A8185694B200C8BCBE /* DBAppDelegate.h */ = {isa = PBXFileReference; fileEncoding = 4; lastKnownFileType = sourcecode.c.h; path = DBAppDelegate.h; sourceTree = "<group>"; };
		FFBBA8A9185694B200C8BCBE /* DBAppDelegate.m */ = {isa = PBXFileReference; fileEncoding = 4; lastKnownFileType = sourcecode.c.objc; path = DBAppDelegate.m; sourceTree = "<group>"; };
		FFBBA8AF1856951C00C8BCBE /* DBRepository.h */ = {isa = PBXFileReference; lastKnownFileType = sourcecode.c.h; path = DBRepository.h; sourceTree = "<group>"; };
		FFBBA8B21856960100C8BCBE /* DBCoreDataBaseRepository.h */ = {isa = PBXFileReference; fileEncoding = 4; lastKnownFileType = sourcecode.c.h; path = DBCoreDataBaseRepository.h; sourceTree = "<group>"; };
		FFBBA8B31856960100C8BCBE /* DBCoreDataBaseRepository.m */ = {isa = PBXFileReference; fileEncoding = 4; lastKnownFileType = sourcecode.c.objc; path = DBCoreDataBaseRepository.m; sourceTree = "<group>"; };
		FFBBA8B61856996F00C8BCBE /* DBAssembly.h */ = {isa = PBXFileReference; fileEncoding = 4; lastKnownFileType = sourcecode.c.h; path = DBAssembly.h; sourceTree = "<group>"; };
		FFBBA8B71856996F00C8BCBE /* DBAssembly.m */ = {isa = PBXFileReference; fileEncoding = 4; lastKnownFileType = sourcecode.c.objc; path = DBAssembly.m; sourceTree = "<group>"; };
		FFC3874C1859184400A09D01 /* Area.h */ = {isa = PBXFileReference; fileEncoding = 4; lastKnownFileType = sourcecode.c.h; path = Area.h; sourceTree = "<group>"; };
		FFC3874D1859184400A09D01 /* Area.m */ = {isa = PBXFileReference; fileEncoding = 4; lastKnownFileType = sourcecode.c.objc; path = Area.m; sourceTree = "<group>"; };
		FFC3874E1859184400A09D01 /* Group.h */ = {isa = PBXFileReference; fileEncoding = 4; lastKnownFileType = sourcecode.c.h; path = Group.h; sourceTree = "<group>"; };
		FFC3874F1859184400A09D01 /* Group.m */ = {isa = PBXFileReference; fileEncoding = 4; lastKnownFileType = sourcecode.c.objc; path = Group.m; sourceTree = "<group>"; };
		FFC387501859184400A09D01 /* Item.h */ = {isa = PBXFileReference; fileEncoding = 4; lastKnownFileType = sourcecode.c.h; path = Item.h; sourceTree = "<group>"; };
		FFC387511859184400A09D01 /* Item.m */ = {isa = PBXFileReference; fileEncoding = 4; lastKnownFileType = sourcecode.c.objc; path = Item.m; sourceTree = "<group>"; };
		FFC387561859188100A09D01 /* _Area.h */ = {isa = PBXFileReference; fileEncoding = 4; lastKnownFileType = sourcecode.c.h; path = _Area.h; sourceTree = "<group>"; };
		FFC387571859188100A09D01 /* _Area.m */ = {isa = PBXFileReference; fileEncoding = 4; lastKnownFileType = sourcecode.c.objc; path = _Area.m; sourceTree = "<group>"; };
		FFC387581859188100A09D01 /* _Group.h */ = {isa = PBXFileReference; fileEncoding = 4; lastKnownFileType = sourcecode.c.h; path = _Group.h; sourceTree = "<group>"; };
		FFC387591859188100A09D01 /* _Group.m */ = {isa = PBXFileReference; fileEncoding = 4; lastKnownFileType = sourcecode.c.objc; path = _Group.m; sourceTree = "<group>"; };
		FFC3875A1859188100A09D01 /* _Item.h */ = {isa = PBXFileReference; fileEncoding = 4; lastKnownFileType = sourcecode.c.h; path = _Item.h; sourceTree = "<group>"; };
		FFC3875B1859188100A09D01 /* _Item.m */ = {isa = PBXFileReference; fileEncoding = 4; lastKnownFileType = sourcecode.c.objc; path = _Item.m; sourceTree = "<group>"; };
		FFC3876018591A7E00A09D01 /* DBBaseViewController.h */ = {isa = PBXFileReference; fileEncoding = 4; lastKnownFileType = sourcecode.c.h; path = DBBaseViewController.h; sourceTree = "<group>"; };
		FFC3876118591A7E00A09D01 /* DBBaseViewController.m */ = {isa = PBXFileReference; fileEncoding = 4; lastKnownFileType = sourcecode.c.objc; path = DBBaseViewController.m; sourceTree = "<group>"; };
		FFC3876718591D0400A09D01 /* DBGroupService.h */ = {isa = PBXFileReference; fileEncoding = 4; lastKnownFileType = sourcecode.c.h; path = DBGroupService.h; sourceTree = "<group>"; };
		FFC3876818591D0400A09D01 /* DBGroupService.m */ = {isa = PBXFileReference; fileEncoding = 4; lastKnownFileType = sourcecode.c.objc; path = DBGroupService.m; sourceTree = "<group>"; };
		FFC3876A18591D2800A09D01 /* DBGroupCoreDataRepository.h */ = {isa = PBXFileReference; fileEncoding = 4; lastKnownFileType = sourcecode.c.h; path = DBGroupCoreDataRepository.h; sourceTree = "<group>"; };
		FFC3876B18591D2800A09D01 /* DBGroupCoreDataRepository.m */ = {isa = PBXFileReference; fileEncoding = 4; lastKnownFileType = sourcecode.c.objc; path = DBGroupCoreDataRepository.m; sourceTree = "<group>"; };
		FFC3876D18591EAC00A09D01 /* DBGroupRepository.h */ = {isa = PBXFileReference; lastKnownFileType = sourcecode.c.h; path = DBGroupRepository.h; sourceTree = "<group>"; };
/* End PBXFileReference section */

/* Begin PBXFrameworksBuildPhase section */
		FF8EE87118567A320036BE27 /* Frameworks */ = {
			isa = PBXFrameworksBuildPhase;
			buildActionMask = 2147483647;
			files = (
				FF8EE87A18567A320036BE27 /* CoreGraphics.framework in Frameworks */,
				FF8EE87E18567A320036BE27 /* CoreData.framework in Frameworks */,
				FF8EE87C18567A320036BE27 /* UIKit.framework in Frameworks */,
				FF8EE87818567A320036BE27 /* Foundation.framework in Frameworks */,
				56FAB8E02F294CD5B4B756D8 /* libPods.a in Frameworks */,
			);
			runOnlyForDeploymentPostprocessing = 0;
		};
		FF8EE89118567A320036BE27 /* Frameworks */ = {
			isa = PBXFrameworksBuildPhase;
			buildActionMask = 2147483647;
			files = (
				FF8EE89618567A320036BE27 /* XCTest.framework in Frameworks */,
				FF8EE89918567A320036BE27 /* CoreData.framework in Frameworks */,
				FF8EE89818567A320036BE27 /* UIKit.framework in Frameworks */,
				FF8EE89718567A320036BE27 /* Foundation.framework in Frameworks */,
			);
			runOnlyForDeploymentPostprocessing = 0;
		};
/* End PBXFrameworksBuildPhase section */

/* Begin PBXGroup section */
		FF2454FC189EBCDE00690DC1 /* Nibs */ = {
			isa = PBXGroup;
			children = (
				FF2454FD189EBD0400690DC1 /* EditAreaView.xib */,
			);
			path = Nibs;
			sourceTree = "<group>";
		};
		FF245506189EEB8800690DC1 /* AreaTableViewCells */ = {
			isa = PBXGroup;
			children = (
				FF245507189EEB9900690DC1 /* DBAreaTableViewCell.h */,
				FF245508189EEB9900690DC1 /* DBAreaTableViewCell.m */,
			);
			path = AreaTableViewCells;
			sourceTree = "<group>";
		};
		FF3D7432189C40DE00294D6F /* Extensions */ = {
			isa = PBXGroup;
			children = (
				FF3D7433189C40E800294D6F /* UIView+Animations.h */,
				FF3D7434189C40E800294D6F /* UIView+Animations.m */,
				FF3DC136189DA310001974E0 /* UIImage+Effects.h */,
				FF3DC137189DA310001974E0 /* UIImage+Effects.m */,
				FF245512189F01A300690DC1 /* NSString+Extensions.h */,
				FF245513189F01A300690DC1 /* NSString+Extensions.m */,
			);
			path = Extensions;
			sourceTree = "<group>";
		};
		FF3D7439189C55AC00294D6F /* Managers */ = {
			isa = PBXGroup;
			children = (
				FF3D743A189C55BA00294D6F /* DBCoreDataManager.h */,
				FF3D743B189C55BA00294D6F /* DBCoreDataManager.m */,
			);
			path = Managers;
			sourceTree = "<group>";
		};
		FF3DC111189D1674001974E0 /* EditGroupViewController */ = {
			isa = PBXGroup;
			children = (
				FF245506189EEB8800690DC1 /* AreaTableViewCells */,
				FF3DC112189D1685001974E0 /* DBEditGroupViewController.h */,
				FF3DC113189D1685001974E0 /* DBEditGroupViewController.m */,
			);
			path = EditGroupViewController;
			sourceTree = "<group>";
		};
		FF3DC115189D2B9A001974E0 /* ViewModels */ = {
			isa = PBXGroup;
			children = (
				FF3DC126189D31C2001974E0 /* AreaViewModel */,
				FF3DC116189D2B9A001974E0 /* BaseViewModel */,
				FF3DC122189D2EC4001974E0 /* GroupViewModel */,
				FF3DC11A189D2B9A001974E0 /* HomeViewModel */,
				FF3DC12E189D4B2A001974E0 /* ItemViewModel */,
			);
			path = ViewModels;
			sourceTree = "<group>";
		};
		FF3DC116189D2B9A001974E0 /* BaseViewModel */ = {
			isa = PBXGroup;
			children = (
				FF3DC117189D2B9A001974E0 /* DBBaseViewModel.h */,
				FF3DC118189D2B9A001974E0 /* DBBaseViewModel.m */,
			);
			path = BaseViewModel;
			sourceTree = "<group>";
		};
		FF3DC11A189D2B9A001974E0 /* HomeViewModel */ = {
			isa = PBXGroup;
			children = (
				FF3DC11B189D2B9A001974E0 /* DBHomeViewModel.h */,
				FF3DC11C189D2B9A001974E0 /* DBHomeViewModel.m */,
			);
			path = HomeViewModel;
			sourceTree = "<group>";
		};
		FF3DC122189D2EC4001974E0 /* GroupViewModel */ = {
			isa = PBXGroup;
			children = (
				FF3DC123189D2ED6001974E0 /* DBGroupViewModel.h */,
				FF3DC124189D2ED6001974E0 /* DBGroupViewModel.m */,
			);
			path = GroupViewModel;
			sourceTree = "<group>";
		};
		FF3DC126189D31C2001974E0 /* AreaViewModel */ = {
			isa = PBXGroup;
			children = (
				FF3DC127189D31CD001974E0 /* DBAreaViewModel.h */,
				FF3DC128189D31CD001974E0 /* DBAreaViewModel.m */,
			);
			path = AreaViewModel;
			sourceTree = "<group>";
		};
		FF3DC12E189D4B2A001974E0 /* ItemViewModel */ = {
			isa = PBXGroup;
			children = (
				FF3DC12F189D4B2A001974E0 /* DBItemViewModel.h */,
				FF3DC130189D4B2A001974E0 /* DBItemViewModel.m */,
			);
			path = ItemViewModel;
			sourceTree = "<group>";
		};
		FF3DC132189D917B001974E0 /* ImagePickerController */ = {
			isa = PBXGroup;
			children = (
				FF3DC133189D9195001974E0 /* DBImagePickerViewController.h */,
				FF3DC134189D9195001974E0 /* DBImagePickerViewController.m */,
			);
			path = ImagePickerController;
			sourceTree = "<group>";
		};
		FF8EE86B18567A320036BE27 = {
			isa = PBXGroup;
			children = (
				FF8EE87F18567A320036BE27 /* Auditr */,
				FF8EE89C18567A320036BE27 /* AuditrTests */,
				FF8EE87618567A320036BE27 /* Frameworks */,
				FF8EE87518567A320036BE27 /* Products */,
				EFD209048DBD47D98CAFD2F1 /* Pods.xcconfig */,
			);
			sourceTree = "<group>";
		};
		FF8EE87518567A320036BE27 /* Products */ = {
			isa = PBXGroup;
			children = (
				FF8EE87418567A320036BE27 /* Auditr.app */,
				FF8EE89418567A320036BE27 /* AuditrTests.xctest */,
			);
			name = Products;
			sourceTree = "<group>";
		};
		FF8EE87618567A320036BE27 /* Frameworks */ = {
			isa = PBXGroup;
			children = (
				FF8EE87718567A320036BE27 /* Foundation.framework */,
				FF8EE87918567A320036BE27 /* CoreGraphics.framework */,
				FF8EE87B18567A320036BE27 /* UIKit.framework */,
				FF8EE87D18567A320036BE27 /* CoreData.framework */,
				FF8EE89518567A320036BE27 /* XCTest.framework */,
				57E10E887FAB429BA7FD4567 /* libPods.a */,
			);
			name = Frameworks;
			sourceTree = "<group>";
		};
		FF8EE87F18567A320036BE27 /* Auditr */ = {
			isa = PBXGroup;
			children = (
				FFBBA8B51856995B00C8BCBE /* Assembly */,
				FFBBA8A7185694A300C8BCBE /* AppDelegate */,
				FFBBA8AE1856950200C8BCBE /* DataAccess */,
				FF3D7432189C40DE00294D6F /* Extensions */,
				FF3DC115189D2B9A001974E0 /* ViewModels */,
				FF8EE8AE18567AF70036BE27 /* ViewControllers */,
				FFBBA8B01856956200C8BCBE /* Services */,
				FFBBA8AC185694D800C8BCBE /* Model */,
				FF3D7439189C55AC00294D6F /* Managers */,
				FF8EE88018567A320036BE27 /* Supporting Files */,
				FF8EE88E18567A320036BE27 /* Images.xcassets */,
			);
			path = Auditr;
			sourceTree = "<group>";
		};
		FF8EE88018567A320036BE27 /* Supporting Files */ = {
			isa = PBXGroup;
			children = (
				FF8EE88118567A320036BE27 /* Auditr-Info.plist */,
				FF8EE88218567A320036BE27 /* InfoPlist.strings */,
				FF8EE88518567A320036BE27 /* main.m */,
				FF8EE88718567A320036BE27 /* Auditr-Prefix.pch */,
			);
			name = "Supporting Files";
			sourceTree = "<group>";
		};
		FF8EE89C18567A320036BE27 /* AuditrTests */ = {
			isa = PBXGroup;
			children = (
				FF8EE8A218567A320036BE27 /* AuditrTests.m */,
				FF8EE89D18567A320036BE27 /* Supporting Files */,
			);
			path = AuditrTests;
			sourceTree = "<group>";
		};
		FF8EE89D18567A320036BE27 /* Supporting Files */ = {
			isa = PBXGroup;
			children = (
				FF8EE89E18567A320036BE27 /* AuditrTests-Info.plist */,
				FF8EE89F18567A320036BE27 /* InfoPlist.strings */,
			);
			name = "Supporting Files";
			sourceTree = "<group>";
		};
		FF8EE8AE18567AF70036BE27 /* ViewControllers */ = {
			isa = PBXGroup;
			children = (
				FFC3875F18591A6C00A09D01 /* BaseViewController */,
				FF3DC111189D1674001974E0 /* EditGroupViewController */,
				FF8EE8B5185687980036BE27 /* GroupsViewController */,
				FF3DC132189D917B001974E0 /* ImagePickerController */,
				FF8EE8AF18567AF70036BE27 /* auditr.storyboard */,
				FF2454FC189EBCDE00690DC1 /* Nibs */,
			);
			path = ViewControllers;
			sourceTree = "<group>";
		};
		FF8EE8B5185687980036BE27 /* GroupsViewController */ = {
			isa = PBXGroup;
			children = (
				FF8EE8B6185687AB0036BE27 /* DBHomeViewController.h */,
				FF8EE8B7185687AB0036BE27 /* DBHomeViewController.m */,
			);
			path = GroupsViewController;
			sourceTree = "<group>";
		};
		FFBBA8A7185694A300C8BCBE /* AppDelegate */ = {
			isa = PBXGroup;
			children = (
				FFBBA8A8185694B200C8BCBE /* DBAppDelegate.h */,
				FFBBA8A9185694B200C8BCBE /* DBAppDelegate.m */,
			);
			path = AppDelegate;
			sourceTree = "<group>";
		};
		FFBBA8AC185694D800C8BCBE /* Model */ = {
			isa = PBXGroup;
			children = (
				FFC387551859187800A09D01 /* Generated */,
				FFC3874C1859184400A09D01 /* Area.h */,
				FFC3874D1859184400A09D01 /* Area.m */,
				FFC3874E1859184400A09D01 /* Group.h */,
				FFC3874F1859184400A09D01 /* Group.m */,
				FFC387501859184400A09D01 /* Item.h */,
				FFC387511859184400A09D01 /* Item.m */,
				FF43770F189C887000A019E3 /* Profile.h */,
				FF437710189C887000A019E3 /* Profile.m */,
				FF437711189C887000A019E3 /* Rating.h */,
				FF437712189C887000A019E3 /* Rating.m */,
				FF429B411859118B00048B17 /* Auditr.xcdatamodeld */,
			);
			path = Model;
			sourceTree = "<group>";
		};
		FFBBA8AE1856950200C8BCBE /* DataAccess */ = {
			isa = PBXGroup;
			children = (
				FFBBA8B11856957E00C8BCBE /* CoreData */,
				FFBBA8AF1856951C00C8BCBE /* DBRepository.h */,
				FFC3876D18591EAC00A09D01 /* DBGroupRepository.h */,
				FF24550E189EF3FD00690DC1 /* DBAreaRepository.h */,
			);
			path = DataAccess;
			sourceTree = "<group>";
		};
		FFBBA8B01856956200C8BCBE /* Services */ = {
			isa = PBXGroup;
			children = (
				FFC3876718591D0400A09D01 /* DBGroupService.h */,
				FFC3876818591D0400A09D01 /* DBGroupService.m */,
				FF24550B189EF3B800690DC1 /* DBAreaService.h */,
				FF24550C189EF3B800690DC1 /* DBAreaService.m */,
			);
			path = Services;
			sourceTree = "<group>";
		};
		FFBBA8B11856957E00C8BCBE /* CoreData */ = {
			isa = PBXGroup;
			children = (
				FFBBA8B21856960100C8BCBE /* DBCoreDataBaseRepository.h */,
				FFBBA8B31856960100C8BCBE /* DBCoreDataBaseRepository.m */,
				FFC3876A18591D2800A09D01 /* DBGroupCoreDataRepository.h */,
				FFC3876B18591D2800A09D01 /* DBGroupCoreDataRepository.m */,
				FF24550F189EF43500690DC1 /* DBAreaCoreDataRepository.h */,
				FF245510189EF43500690DC1 /* DBAreaCoreDataRepository.m */,
			);
			path = CoreData;
			sourceTree = "<group>";
		};
		FFBBA8B51856995B00C8BCBE /* Assembly */ = {
			isa = PBXGroup;
			children = (
				FFBBA8B61856996F00C8BCBE /* DBAssembly.h */,
				FFBBA8B71856996F00C8BCBE /* DBAssembly.m */,
			);
			path = Assembly;
			sourceTree = "<group>";
		};
		FFC387551859187800A09D01 /* Generated */ = {
			isa = PBXGroup;
			children = (
				FF437709189C886600A019E3 /* _Profile.h */,
				FF43770A189C886600A019E3 /* _Profile.m */,
				FF43770B189C886600A019E3 /* _Rating.h */,
				FF43770C189C886600A019E3 /* _Rating.m */,
				FFC387561859188100A09D01 /* _Area.h */,
				FFC387571859188100A09D01 /* _Area.m */,
				FFC387581859188100A09D01 /* _Group.h */,
				FFC387591859188100A09D01 /* _Group.m */,
				FFC3875A1859188100A09D01 /* _Item.h */,
				FFC3875B1859188100A09D01 /* _Item.m */,
			);
			name = Generated;
			sourceTree = "<group>";
		};
		FFC3875F18591A6C00A09D01 /* BaseViewController */ = {
			isa = PBXGroup;
			children = (
				FFC3876018591A7E00A09D01 /* DBBaseViewController.h */,
				FFC3876118591A7E00A09D01 /* DBBaseViewController.m */,
			);
			path = BaseViewController;
			sourceTree = "<group>";
		};
/* End PBXGroup section */

/* Begin PBXNativeTarget section */
		FF8EE87318567A320036BE27 /* Auditr */ = {
			isa = PBXNativeTarget;
			buildConfigurationList = FF8EE8A618567A320036BE27 /* Build configuration list for PBXNativeTarget "Auditr" */;
			buildPhases = (
				2701E6E147204F8C8999C277 /* Check Pods Manifest.lock */,
				FF429B40185910DB00048B17 /* ShellScript */,
				FF8EE87018567A320036BE27 /* Sources */,
				FF8EE87118567A320036BE27 /* Frameworks */,
				FF8EE87218567A320036BE27 /* Resources */,
				65CB356FB1CD4E98A5DD0310 /* Copy Pods Resources */,
			);
			buildRules = (
			);
			dependencies = (
			);
			name = Auditr;
			productName = Auditr;
			productReference = FF8EE87418567A320036BE27 /* Auditr.app */;
			productType = "com.apple.product-type.application";
		};
		FF8EE89318567A320036BE27 /* AuditrTests */ = {
			isa = PBXNativeTarget;
			buildConfigurationList = FF8EE8A918567A320036BE27 /* Build configuration list for PBXNativeTarget "AuditrTests" */;
			buildPhases = (
				FF8EE89018567A320036BE27 /* Sources */,
				FF8EE89118567A320036BE27 /* Frameworks */,
				FF8EE89218567A320036BE27 /* Resources */,
			);
			buildRules = (
			);
			dependencies = (
				FF8EE89B18567A320036BE27 /* PBXTargetDependency */,
			);
			name = AuditrTests;
			productName = AuditrTests;
			productReference = FF8EE89418567A320036BE27 /* AuditrTests.xctest */;
			productType = "com.apple.product-type.bundle.unit-test";
		};
/* End PBXNativeTarget section */

/* Begin PBXProject section */
		FF8EE86C18567A320036BE27 /* Project object */ = {
			isa = PBXProject;
			attributes = {
				CLASSPREFIX = DB;
				LastUpgradeCheck = 0500;
				ORGANIZATIONNAME = "Daniel Bennett";
				TargetAttributes = {
					FF8EE89318567A320036BE27 = {
						TestTargetID = FF8EE87318567A320036BE27;
					};
				};
			};
			buildConfigurationList = FF8EE86F18567A320036BE27 /* Build configuration list for PBXProject "Auditr" */;
			compatibilityVersion = "Xcode 3.2";
			developmentRegion = English;
			hasScannedForEncodings = 0;
			knownRegions = (
				en,
			);
			mainGroup = FF8EE86B18567A320036BE27;
			productRefGroup = FF8EE87518567A320036BE27 /* Products */;
			projectDirPath = "";
			projectRoot = "";
			targets = (
				FF8EE87318567A320036BE27 /* Auditr */,
				FF8EE89318567A320036BE27 /* AuditrTests */,
			);
		};
/* End PBXProject section */

/* Begin PBXResourcesBuildPhase section */
		FF8EE87218567A320036BE27 /* Resources */ = {
			isa = PBXResourcesBuildPhase;
			buildActionMask = 2147483647;
			files = (
				FF8EE8B018567AF70036BE27 /* auditr.storyboard in Resources */,
				FF8EE88418567A320036BE27 /* InfoPlist.strings in Resources */,
				FF8EE88F18567A320036BE27 /* Images.xcassets in Resources */,
				FF2454FE189EBD0400690DC1 /* EditAreaView.xib in Resources */,
			);
			runOnlyForDeploymentPostprocessing = 0;
		};
		FF8EE89218567A320036BE27 /* Resources */ = {
			isa = PBXResourcesBuildPhase;
			buildActionMask = 2147483647;
			files = (
				FF8EE8A118567A320036BE27 /* InfoPlist.strings in Resources */,
			);
			runOnlyForDeploymentPostprocessing = 0;
		};
/* End PBXResourcesBuildPhase section */

/* Begin PBXShellScriptBuildPhase section */
		2701E6E147204F8C8999C277 /* Check Pods Manifest.lock */ = {
			isa = PBXShellScriptBuildPhase;
			buildActionMask = 2147483647;
			files = (
			);
			inputPaths = (
			);
			name = "Check Pods Manifest.lock";
			outputPaths = (
			);
			runOnlyForDeploymentPostprocessing = 0;
			shellPath = /bin/sh;
			shellScript = "diff \"${PODS_ROOT}/../Podfile.lock\" \"${PODS_ROOT}/Manifest.lock\" > /dev/null\nif [[ $? != 0 ]] ; then\n    cat << EOM\nerror: The sandbox is not in sync with the Podfile.lock. Run 'pod install' or update your CocoaPods installation.\nEOM\n    exit 1\nfi\n";
			showEnvVarsInLog = 0;
		};
		65CB356FB1CD4E98A5DD0310 /* Copy Pods Resources */ = {
			isa = PBXShellScriptBuildPhase;
			buildActionMask = 2147483647;
			files = (
			);
			inputPaths = (
			);
			name = "Copy Pods Resources";
			outputPaths = (
			);
			runOnlyForDeploymentPostprocessing = 0;
			shellPath = /bin/sh;
			shellScript = "\"${SRCROOT}/Pods/Pods-resources.sh\"\n";
			showEnvVarsInLog = 0;
		};
		FF429B40185910DB00048B17 /* ShellScript */ = {
			isa = PBXShellScriptBuildPhase;
			buildActionMask = 2147483647;
			files = (
			);
			inputPaths = (
			);
			outputPaths = (
			);
			runOnlyForDeploymentPostprocessing = 0;
			shellPath = /bin/sh;
			shellScript = "PATH=${PATH}:/usr/local/bin\nMODELS_DIR=\"${PROJECT_DIR}/Auditr/Model\"\nDATA_MODEL_PACKAGE=\"$MODELS_DIR/Auditr.xcdatamodeld\"\nmogenerator --model \"$DATA_MODEL_PACKAGE/Auditr.xcdatamodel\" --output-dir \"$MODELS_DIR/\" --template-var arc=true";
		};
/* End PBXShellScriptBuildPhase section */

/* Begin PBXSourcesBuildPhase section */
		FF8EE87018567A320036BE27 /* Sources */ = {
			isa = PBXSourcesBuildPhase;
			buildActionMask = 2147483647;
			files = (
				FF24550D189EF3B800690DC1 /* DBAreaService.m in Sources */,
				FFC3875E1859188100A09D01 /* _Item.m in Sources */,
				FF43770E189C886600A019E3 /* _Rating.m in Sources */,
				FFC387541859184400A09D01 /* Item.m in Sources */,
				FFC387531859184400A09D01 /* Group.m in Sources */,
				FF3D743C189C55BA00294D6F /* DBCoreDataManager.m in Sources */,
				FF3DC114189D1685001974E0 /* DBEditGroupViewController.m in Sources */,
				FF3DC135189D9195001974E0 /* DBImagePickerViewController.m in Sources */,
				FF3DC125189D2ED6001974E0 /* DBGroupViewModel.m in Sources */,
				FF3DC11D189D2B9A001974E0 /* DBBaseViewModel.m in Sources */,
				FF437714189C887000A019E3 /* Rating.m in Sources */,
				FFC387521859184400A09D01 /* Area.m in Sources */,
				FF245514189F01A300690DC1 /* NSString+Extensions.m in Sources */,
				FF3DC138189DA310001974E0 /* UIImage+Effects.m in Sources */,
				FFBBA8AA185694B200C8BCBE /* DBAppDelegate.m in Sources */,
				FFC3875C1859188100A09D01 /* _Area.m in Sources */,
				FF245509189EEB9900690DC1 /* DBAreaTableViewCell.m in Sources */,
				FF8EE88618567A320036BE27 /* main.m in Sources */,
				FF437713189C887000A019E3 /* Profile.m in Sources */,
				FF429B431859118B00048B17 /* Auditr.xcdatamodeld in Sources */,
				FF3D7435189C40E800294D6F /* UIView+Animations.m in Sources */,
				FF3DC11E189D2B9A001974E0 /* DBHomeViewModel.m in Sources */,
				FFBBA8B81856996F00C8BCBE /* DBAssembly.m in Sources */,
				FFC3876918591D0400A09D01 /* DBGroupService.m in Sources */,
				FF245511189EF43500690DC1 /* DBAreaCoreDataRepository.m in Sources */,
				FF3DC129189D31CD001974E0 /* DBAreaViewModel.m in Sources */,
				FFC3876218591A7E00A09D01 /* DBBaseViewController.m in Sources */,
				FFC3876C18591D2800A09D01 /* DBGroupCoreDataRepository.m in Sources */,
				FF3DC131189D4B2A001974E0 /* DBItemViewModel.m in Sources */,
				FFBBA8B41856960100C8BCBE /* DBCoreDataBaseRepository.m in Sources */,
				FF43770D189C886600A019E3 /* _Profile.m in Sources */,
				FF8EE8B8185687AB0036BE27 /* DBHomeViewController.m in Sources */,
				FFC3875D1859188100A09D01 /* _Group.m in Sources */,
			);
			runOnlyForDeploymentPostprocessing = 0;
		};
		FF8EE89018567A320036BE27 /* Sources */ = {
			isa = PBXSourcesBuildPhase;
			buildActionMask = 2147483647;
			files = (
				FF8EE8A318567A320036BE27 /* AuditrTests.m in Sources */,
			);
			runOnlyForDeploymentPostprocessing = 0;
		};
/* End PBXSourcesBuildPhase section */

/* Begin PBXTargetDependency section */
		FF8EE89B18567A320036BE27 /* PBXTargetDependency */ = {
			isa = PBXTargetDependency;
			target = FF8EE87318567A320036BE27 /* Auditr */;
			targetProxy = FF8EE89A18567A320036BE27 /* PBXContainerItemProxy */;
		};
/* End PBXTargetDependency section */

/* Begin PBXVariantGroup section */
		FF8EE88218567A320036BE27 /* InfoPlist.strings */ = {
			isa = PBXVariantGroup;
			children = (
				FF8EE88318567A320036BE27 /* en */,
			);
			name = InfoPlist.strings;
			sourceTree = "<group>";
		};
		FF8EE89F18567A320036BE27 /* InfoPlist.strings */ = {
			isa = PBXVariantGroup;
			children = (
				FF8EE8A018567A320036BE27 /* en */,
			);
			name = InfoPlist.strings;
			sourceTree = "<group>";
		};
/* End PBXVariantGroup section */

/* Begin XCBuildConfiguration section */
		FF8EE8A418567A320036BE27 /* Debug */ = {
			isa = XCBuildConfiguration;
			buildSettings = {
				ALWAYS_SEARCH_USER_PATHS = NO;
				ARCHS = "$(ARCHS_STANDARD_INCLUDING_64_BIT)";
				CLANG_CXX_LANGUAGE_STANDARD = "gnu++0x";
				CLANG_CXX_LIBRARY = "libc++";
				CLANG_ENABLE_MODULES = YES;
				CLANG_ENABLE_OBJC_ARC = YES;
				CLANG_WARN_BOOL_CONVERSION = YES;
				CLANG_WARN_CONSTANT_CONVERSION = YES;
				CLANG_WARN_DIRECT_OBJC_ISA_USAGE = YES_ERROR;
				CLANG_WARN_EMPTY_BODY = YES;
				CLANG_WARN_ENUM_CONVERSION = YES;
				CLANG_WARN_INT_CONVERSION = YES;
				CLANG_WARN_OBJC_ROOT_CLASS = YES_ERROR;
				CLANG_WARN__DUPLICATE_METHOD_MATCH = YES;
				"CODE_SIGN_IDENTITY[sdk=iphoneos*]" = "iPhone Developer: Brenda Catelani (33KEM9VTA7)";
				COPY_PHASE_STRIP = NO;
				GCC_C_LANGUAGE_STANDARD = gnu99;
				GCC_DYNAMIC_NO_PIC = NO;
				GCC_OPTIMIZATION_LEVEL = 0;
				GCC_PREPROCESSOR_DEFINITIONS = (
					"DEBUG=1",
					"$(inherited)",
				);
				GCC_SYMBOLS_PRIVATE_EXTERN = NO;
				GCC_WARN_64_TO_32_BIT_CONVERSION = YES;
				GCC_WARN_ABOUT_RETURN_TYPE = YES_ERROR;
				GCC_WARN_UNDECLARED_SELECTOR = YES;
				GCC_WARN_UNINITIALIZED_AUTOS = YES;
				GCC_WARN_UNUSED_FUNCTION = YES;
				GCC_WARN_UNUSED_VARIABLE = YES;
				IPHONEOS_DEPLOYMENT_TARGET = 7.0;
				ONLY_ACTIVE_ARCH = YES;
				SDKROOT = iphoneos;
			};
			name = Debug;
		};
		FF8EE8A518567A320036BE27 /* Release */ = {
			isa = XCBuildConfiguration;
			buildSettings = {
				ALWAYS_SEARCH_USER_PATHS = NO;
				ARCHS = "$(ARCHS_STANDARD_INCLUDING_64_BIT)";
				CLANG_CXX_LANGUAGE_STANDARD = "gnu++0x";
				CLANG_CXX_LIBRARY = "libc++";
				CLANG_ENABLE_MODULES = YES;
				CLANG_ENABLE_OBJC_ARC = YES;
				CLANG_WARN_BOOL_CONVERSION = YES;
				CLANG_WARN_CONSTANT_CONVERSION = YES;
				CLANG_WARN_DIRECT_OBJC_ISA_USAGE = YES_ERROR;
				CLANG_WARN_EMPTY_BODY = YES;
				CLANG_WARN_ENUM_CONVERSION = YES;
				CLANG_WARN_INT_CONVERSION = YES;
				CLANG_WARN_OBJC_ROOT_CLASS = YES_ERROR;
				CLANG_WARN__DUPLICATE_METHOD_MATCH = YES;
				"CODE_SIGN_IDENTITY[sdk=iphoneos*]" = "iPhone Developer: Brenda Catelani (33KEM9VTA7)";
				COPY_PHASE_STRIP = YES;
				ENABLE_NS_ASSERTIONS = NO;
				GCC_C_LANGUAGE_STANDARD = gnu99;
				GCC_WARN_64_TO_32_BIT_CONVERSION = YES;
				GCC_WARN_ABOUT_RETURN_TYPE = YES_ERROR;
				GCC_WARN_UNDECLARED_SELECTOR = YES;
				GCC_WARN_UNINITIALIZED_AUTOS = YES;
				GCC_WARN_UNUSED_FUNCTION = YES;
				GCC_WARN_UNUSED_VARIABLE = YES;
				IPHONEOS_DEPLOYMENT_TARGET = 7.0;
				SDKROOT = iphoneos;
				VALIDATE_PRODUCT = YES;
			};
			name = Release;
		};
		FF8EE8A718567A320036BE27 /* Debug */ = {
			isa = XCBuildConfiguration;
			baseConfigurationReference = EFD209048DBD47D98CAFD2F1 /* Pods.xcconfig */;
			buildSettings = {
				ASSETCATALOG_COMPILER_APPICON_NAME = AppIcon;
				ASSETCATALOG_COMPILER_LAUNCHIMAGE_NAME = LaunchImage;
				CODE_SIGN_IDENTITY = "iPhone Developer: Dan Bennett (YZ28Z7UM6Q)";
				"CODE_SIGN_IDENTITY[sdk=iphoneos*]" = "iPhone Developer: Dan Bennett (YZ28Z7UM6Q)";
				GCC_PRECOMPILE_PREFIX_HEADER = YES;
				GCC_PREFIX_HEADER = "Auditr/Auditr-Prefix.pch";
				INFOPLIST_FILE = "Auditr/Auditr-Info.plist";
				IPHONEOS_DEPLOYMENT_TARGET = 7.0;
				PRODUCT_NAME = "$(TARGET_NAME)";
				TARGETED_DEVICE_FAMILY = 1;
				WRAPPER_EXTENSION = app;
			};
			name = Debug;
		};
		FF8EE8A818567A320036BE27 /* Release */ = {
			isa = XCBuildConfiguration;
			baseConfigurationReference = EFD209048DBD47D98CAFD2F1 /* Pods.xcconfig */;
			buildSettings = {
				ASSETCATALOG_COMPILER_APPICON_NAME = AppIcon;
				ASSETCATALOG_COMPILER_LAUNCHIMAGE_NAME = LaunchImage;
				CODE_SIGN_IDENTITY = "iPhone Developer: Dan Bennett (YZ28Z7UM6Q)";
				"CODE_SIGN_IDENTITY[sdk=iphoneos*]" = "iPhone Developer: Dan Bennett (YZ28Z7UM6Q)";
				GCC_PRECOMPILE_PREFIX_HEADER = YES;
				GCC_PREFIX_HEADER = "Auditr/Auditr-Prefix.pch";
				INFOPLIST_FILE = "Auditr/Auditr-Info.plist";
				IPHONEOS_DEPLOYMENT_TARGET = 7.0;
				PRODUCT_NAME = "$(TARGET_NAME)";
				TARGETED_DEVICE_FAMILY = 1;
				WRAPPER_EXTENSION = app;
			};
			name = Release;
		};
		FF8EE8AA18567A320036BE27 /* Debug */ = {
			isa = XCBuildConfiguration;
			buildSettings = {
				ARCHS = "$(ARCHS_STANDARD_INCLUDING_64_BIT)";
				BUNDLE_LOADER = "$(BUILT_PRODUCTS_DIR)/Auditr.app/Auditr";
				FRAMEWORK_SEARCH_PATHS = (
					"$(SDKROOT)/Developer/Library/Frameworks",
					"$(inherited)",
					"$(DEVELOPER_FRAMEWORKS_DIR)",
				);
				GCC_PRECOMPILE_PREFIX_HEADER = YES;
				GCC_PREFIX_HEADER = "Auditr/Auditr-Prefix.pch";
				GCC_PREPROCESSOR_DEFINITIONS = (
					"DEBUG=1",
					"$(inherited)",
				);
				INFOPLIST_FILE = "AuditrTests/AuditrTests-Info.plist";
				PRODUCT_NAME = "$(TARGET_NAME)";
				TEST_HOST = "$(BUNDLE_LOADER)";
				WRAPPER_EXTENSION = xctest;
			};
			name = Debug;
		};
		FF8EE8AB18567A320036BE27 /* Release */ = {
			isa = XCBuildConfiguration;
			buildSettings = {
				ARCHS = "$(ARCHS_STANDARD_INCLUDING_64_BIT)";
				BUNDLE_LOADER = "$(BUILT_PRODUCTS_DIR)/Auditr.app/Auditr";
				FRAMEWORK_SEARCH_PATHS = (
					"$(SDKROOT)/Developer/Library/Frameworks",
					"$(inherited)",
					"$(DEVELOPER_FRAMEWORKS_DIR)",
				);
				GCC_PRECOMPILE_PREFIX_HEADER = YES;
				GCC_PREFIX_HEADER = "Auditr/Auditr-Prefix.pch";
				INFOPLIST_FILE = "AuditrTests/AuditrTests-Info.plist";
				PRODUCT_NAME = "$(TARGET_NAME)";
				TEST_HOST = "$(BUNDLE_LOADER)";
				WRAPPER_EXTENSION = xctest;
			};
			name = Release;
		};
/* End XCBuildConfiguration section */

/* Begin XCConfigurationList section */
		FF8EE86F18567A320036BE27 /* Build configuration list for PBXProject "Auditr" */ = {
			isa = XCConfigurationList;
			buildConfigurations = (
				FF8EE8A418567A320036BE27 /* Debug */,
				FF8EE8A518567A320036BE27 /* Release */,
			);
			defaultConfigurationIsVisible = 0;
			defaultConfigurationName = Release;
		};
		FF8EE8A618567A320036BE27 /* Build configuration list for PBXNativeTarget "Auditr" */ = {
			isa = XCConfigurationList;
			buildConfigurations = (
				FF8EE8A718567A320036BE27 /* Debug */,
				FF8EE8A818567A320036BE27 /* Release */,
			);
			defaultConfigurationIsVisible = 0;
			defaultConfigurationName = Release;
		};
		FF8EE8A918567A320036BE27 /* Build configuration list for PBXNativeTarget "AuditrTests" */ = {
			isa = XCConfigurationList;
			buildConfigurations = (
				FF8EE8AA18567A320036BE27 /* Debug */,
				FF8EE8AB18567A320036BE27 /* Release */,
			);
			defaultConfigurationIsVisible = 0;
			defaultConfigurationName = Release;
		};
/* End XCConfigurationList section */

/* Begin XCVersionGroup section */
		FF429B411859118B00048B17 /* Auditr.xcdatamodeld */ = {
			isa = XCVersionGroup;
			children = (
				FF429B421859118B00048B17 /* Auditr.xcdatamodel */,
			);
			currentVersion = FF429B421859118B00048B17 /* Auditr.xcdatamodel */;
			path = Auditr.xcdatamodeld;
			sourceTree = "<group>";
			versionGroupType = wrapper.xcdatamodel;
		};
/* End XCVersionGroup section */
	};
	rootObject = FF8EE86C18567A320036BE27 /* Project object */;
}
